[[package]]
name = "glowbit"
version = "0.6"
description = "Raspberry Pi (Python 3.x) and Raspberry Pi Pico (MicroPython) driver for GlowBit devices"
category = "main"
optional = false
python-versions = "*"

[metadata]
lock-version = "1.1"
python-versions = "^3.10"
content-hash = "9140f88a3feb0a0453ea806afd3ca52e665b82fbff8e2b5a68a5c7cb6082bf5c"

[metadata.files]
glowbit = [
    {file = "glowbit-0.6.tar.gz", hash = "sha256:8db163044a271f31c15d896469027a10ef43d1bf156291f150f5443993797bb8"},
]
